// !$*UTF8*$!
{
	archiveVersion = 1;
	classes = {
	};
	objectVersion = 48;
	objects = {

/* Begin PBXBuildFile section */
		9F224A84213D02DF00256813 /* AppDelegate.m in Sources */ = {isa = PBXBuildFile; fileRef = 9F224A83213D02DF00256813 /* AppDelegate.m */; };
		9F224A87213D02DF00256813 /* ViewController.m in Sources */ = {isa = PBXBuildFile; fileRef = 9F224A86213D02DF00256813 /* ViewController.m */; };
		9F224A8A213D02DF00256813 /* Main.storyboard in Resources */ = {isa = PBXBuildFile; fileRef = 9F224A88213D02DF00256813 /* Main.storyboard */; };
		9F224A8C213D02DF00256813 /* Assets.xcassets in Resources */ = {isa = PBXBuildFile; fileRef = 9F224A8B213D02DF00256813 /* Assets.xcassets */; };
		9F224A8F213D02DF00256813 /* LaunchScreen.storyboard in Resources */ = {isa = PBXBuildFile; fileRef = 9F224A8D213D02DF00256813 /* LaunchScreen.storyboard */; };
		9F224A92213D02DF00256813 /* main.m in Sources */ = {isa = PBXBuildFile; fileRef = 9F224A91213D02DF00256813 /* main.m */; };
/* End PBXBuildFile section */

/* Begin PBXFileReference section */
		9F224A7F213D02DF00256813 /* Demo1.app */ = {isa = PBXFileReference; explicitFileType = wrapper.application; includeInIndex = 0; path = Demo1.app; sourceTree = BUILT_PRODUCTS_DIR; };
		9F224A82213D02DF00256813 /* AppDelegate.h */ = {isa = PBXFileReference; lastKnownFileType = sourcecode.c.h; path = AppDelegate.h; sourceTree = "<group>"; };
		9F224A83213D02DF00256813 /* AppDelegate.m */ = {isa = PBXFileReference; lastKnownFileType = sourcecode.c.objc; path = AppDelegate.m; sourceTree = "<group>"; };
		9F224A85213D02DF00256813 /* ViewController.h */ = {isa = PBXFileReference; lastKnownFileType = sourcecode.c.h; path = ViewController.h; sourceTree = "<group>"; };
		9F224A86213D02DF00256813 /* ViewController.m */ = {isa = PBXFileReference; lastKnownFileType = sourcecode.c.objc; path = ViewController.m; sourceTree = "<group>"; };
		9F224A89213D02DF00256813 /* Base */ = {isa = PBXFileReference; lastKnownFileType = file.storyboard; name = Base; path = Base.lproj/Main.storyboard; sourceTree = "<group>"; };
		9F224A8B213D02DF00256813 /* Assets.xcassets */ = {isa = PBXFileReference; lastKnownFileType = folder.assetcatalog; path = Assets.xcassets; sourceTree = "<group>"; };
		9F224A8E213D02DF00256813 /* Base */ = {isa = PBXFileReference; lastKnownFileType = file.storyboard; name = Base; path = Base.lproj/LaunchScreen.storyboard; sourceTree = "<group>"; };
		9F224A90213D02DF00256813 /* Info.plist */ = {isa = PBXFileReference; lastKnownFileType = text.plist.xml; path = Info.plist; sourceTree = "<group>"; };
		9F224A91213D02DF00256813 /* main.m */ = {isa = PBXFileReference; lastKnownFileType = sourcecode.c.objc; path = main.m; sourceTree = "<group>"; };
/* End PBXFileReference section */

/* Begin PBXFrameworksBuildPhase section */
		9F224A7C213D02DF00256813 /* Frameworks */ = {
			isa = PBXFrameworksBuildPhase;
			buildActionMask = 2147483647;
			files = (
			);
			runOnlyForDeploymentPostprocessing = 0;
		};
/* End PBXFrameworksBuildPhase section */

/* Begin PBXGroup section */
		9F224A76213D02DF00256813 = {
			isa = PBXGroup;
			children = (
				9F224A81213D02DF00256813 /* Demo1 */,
				9F224A80213D02DF00256813 /* Products */,
			);
			sourceTree = "<group>";
		};
		9F224A80213D02DF00256813 /* Products */ = {
			isa = PBXGroup;
			children = (
				9F224A7F213D02DF00256813 /* Demo1.app */,
			);
			name = Products;
			sourceTree = "<group>";
		};
		9F224A81213D02DF00256813 /* Demo1 */ = {
			isa = PBXGroup;
			children = (
				9F224A82213D02DF00256813 /* AppDelegate.h */,
				9F224A83213D02DF00256813 /* AppDelegate.m */,
				9F224A85213D02DF00256813 /* ViewController.h */,
				9F224A86213D02DF00256813 /* ViewController.m */,
				9F224A88213D02DF00256813 /* Main.storyboard */,
				9F224A8B213D02DF00256813 /* Assets.xcassets */,
				9F224A8D213D02DF00256813 /* LaunchScreen.storyboard */,
				9F224A90213D02DF00256813 /* Info.plist */,
				9F224A91213D02DF00256813 /* main.m */,
			);
			path = Demo1;
			sourceTree = "<group>";
		};
/* End PBXGroup section */

/* Begin PBXNativeTarget section */
		9F224A7E213D02DF00256813 /* Demo1 */ = {
			isa = PBXNativeTarget;
			buildConfigurationList = 9F224A95213D02DF00256813 /* Build configuration list for PBXNativeTarget "Demo1" */;
			buildPhases = (
				9F224A7B213D02DF00256813 /* Sources */,
				9F224A7C213D02DF00256813 /* Frameworks */,
				9F224A7D213D02DF00256813 /* Resources */,
			);
			buildRules = (
			);
			dependencies = (
			);
			name = Demo1;
			productName = Demo1;
			productReference = 9F224A7F213D02DF00256813 /* Demo1.app */;
			productType = "com.apple.product-type.application";
		};
/* End PBXNativeTarget section */

/* Begin PBXProject section */
		9F224A77213D02DF00256813 /* Project object */ = {
			isa = PBXProject;
			attributes = {
				LastUpgradeCheck = 0920;
				ORGANIZATIONNAME = Peyton;
				TargetAttributes = {
					9F224A7E213D02DF00256813 = {
						CreatedOnToolsVersion = 9.2;
						ProvisioningStyle = Automatic;
					};
				};
			};
			buildConfigurationList = 9F224A7A213D02DF00256813 /* Build configuration list for PBXProject "Demo1" */;
			compatibilityVersion = "Xcode 8.0";
			developmentRegion = en;
			hasScannedForEncodings = 0;
			knownRegions = (
				en,
				Base,
			);
			mainGroup = 9F224A76213D02DF00256813;
			productRefGroup = 9F224A80213D02DF00256813 /* Products */;
			projectDirPath = "";
			projectRoot = "";
			targets = (
				9F224A7E213D02DF00256813 /* Demo1 */,
			);
		};
/* End PBXProject section */

/* Begin PBXResourcesBuildPhase section */
		9F224A7D213D02DF00256813 /* Resources */ = {
			isa = PBXResourcesBuildPhase;
			buildActionMask = 2147483647;
			files = (
				9F224A8F213D02DF00256813 /* LaunchScreen.storyboard in Resources */,
				9F224A8C213D02DF00256813 /* Assets.xcassets in Resources */,
				9F224A8A213D02DF00256813 /* Main.storyboard in Resources */,
			);
			runOnlyForDeploymentPostprocessing = 0;
		};
/* End PBXResourcesBuildPhase section */

/* Begin PBXSourcesBuildPhase section */
		9F224A7B213D02DF00256813 /* Sources */ = {
			isa = PBXSourcesBuildPhase;
			buildActionMask = 2147483647;
			files = (
				9F224A87213D02DF00256813 /* ViewController.m in Sources */,
				9F224A92213D02DF00256813 /* main.m in Sources */,
				9F224A84213D02DF00256813 /* AppDelegate.m in Sources */,
			);
			runOnlyForDeploymentPostprocessing = 0;
		};
/* End PBXSourcesBuildPhase section */

/* Begin PBXVariantGroup section */
		9F224A88213D02DF00256813 /* Main.storyboard */ = {
			isa = PBXVariantGroup;
			children = (
				9F224A89213D02DF00256813 /* Base */,
			);
			name = Main.storyboard;
			sourceTree = "<group>";
		};
		9F224A8D213D02DF00256813 /* LaunchScreen.storyboard */ = {
			isa = PBXVariantGroup;
			children = (
				9F224A8E213D02DF00256813 /* Base */,
			);
			name = LaunchScreen.storyboard;
			sourceTree = "<group>";
		};
/* End PBXVariantGroup section */

/* Begin XCBuildConfiguration section */
		9F224A93213D02DF00256813 /* Debug */ = {
			isa = XCBuildConfiguration;
			buildSettings = {
				ALWAYS_SEARCH_USER_PATHS = NO;
				CLANG_ANALYZER_NONNULL = YES;
				CLANG_ANALYZER_NUMBER_OBJECT_CONVERSION = YES_AGGRESSIVE;
				CLANG_CXX_LANGUAGE_STANDARD = "gnu++14";
				CLANG_CXX_LIBRARY = "libc++";
				CLANG_ENABLE_MODULES = YES;
				CLANG_ENABLE_OBJC_ARC = YES;
				CLANG_WARN_BLOCK_CAPTURE_AUTORELEASING = YES;
				CLANG_WARN_BOOL_CONVERSION = YES;
				CLANG_WARN_COMMA = YES;
				CLANG_WARN_CONSTANT_CONVERSION = YES;
				CLANG_WARN_DIRECT_OBJC_ISA_USAGE = YES_ERROR;
				CLANG_WARN_DOCUMENTATION_COMMENTS = YES;
				CLANG_WARN_EMPTY_BODY = YES;
				CLANG_WARN_ENUM_CONVERSION = YES;
				CLANG_WARN_INFINITE_RECURSION = YES;
				CLANG_WARN_INT_CONVERSION = YES;
				CLANG_WARN_NON_LITERAL_NULL_CONVERSION = YES;
				CLANG_WARN_OBJC_LITERAL_CONVERSION = YES;
				CLANG_WARN_OBJC_ROOT_CLASS = YES_ERROR;
				CLANG_WARN_RANGE_LOOP_ANALYSIS = YES;
				CLANG_WARN_STRICT_PROTOTYPES = YES;
				CLANG_WARN_SUSPICIOUS_MOVE = YES;
				CLANG_WARN_UNGUARDED_AVAILABILITY = YES_AGGRESSIVE;
				CLANG_WARN_UNREACHABLE_CODE = YES;
				CLANG_WARN__DUPLICATE_METHOD_MATCH = YES;
				CODE_SIGN_IDENTITY = "iPhone Developer";
				COPY_PHASE_STRIP = NO;
				DEBUG_INFORMATION_FORMAT = dwarf;
				ENABLE_STRICT_OBJC_MSGSEND = YES;
				ENABLE_TESTABILITY = YES;
				GCC_C_LANGUAGE_STANDARD = gnu11;
				GCC_DYNAMIC_NO_PIC = NO;
				GCC_NO_COMMON_BLOCKS = YES;
				GCC_OPTIMIZATION_LEVEL = 0;
				GCC_PREPROCESSOR_DEFINITIONS = (
					"DEBUG=1",
					"$(inherited)",
				);
				GCC_WARN_64_TO_32_BIT_CONVERSION = YES;
				GCC_WARN_ABOUT_RETURN_TYPE = YES_ERROR;
				GCC_WARN_UNDECLARED_SELECTOR = YES;
				GCC_WARN_UNINITIALIZED_AUTOS = YES_AGGRESSIVE;
				GCC_WARN_UNUSED_FUNCTION = YES;
				GCC_WARN_UNUSED_VARIABLE = YES;
				IPHONEOS_DEPLOYMENT_TARGET = 11.2;
				MTL_ENABLE_DEBUG_INFO = YES;
				ONLY_ACTIVE_ARCH = YES;
				SDKROOT = iphoneos;
			};
			name = Debug;
		};
		9F224A94213D02DF00256813 /* Release */ = {
			isa = XCBuildConfiguration;
			buildSettings = {
				ALWAYS_SEARCH_USER_PATHS = NO;
				CLANG_ANALYZER_NONNULL = YES;
				CLANG_ANALYZER_NUMBER_OBJECT_CONVERSION = YES_AGGRESSIVE;
				CLANG_CXX_LANGUAGE_STANDARD = "gnu++14";
				CLANG_CXX_LIBRARY = "libc++";
				CLANG_ENABLE_MODULES = YES;
				CLANG_ENABLE_OBJC_ARC = YES;
				CLANG_WARN_BLOCK_CAPTURE_AUTORELEASING = YES;
				CLANG_WARN_BOOL_CONVERSION = YES;
				CLANG_WARN_COMMA = YES;
				CLANG_WARN_CONSTANT_CONVERSION = YES;
				CLANG_WARN_DIRECT_OBJC_ISA_USAGE = YES_ERROR;
				CLANG_WARN_DOCUMENTATION_COMMENTS = YES;
				CLANG_WARN_EMPTY_BODY = YES;
				CLANG_WARN_ENUM_CONVERSION = YES;
				CLANG_WARN_INFINITE_RECURSION = YES;
				CLANG_WARN_INT_CONVERSION = YES;
				CLANG_WARN_NON_LITERAL_NULL_CONVERSION = YES;
				CLANG_WARN_OBJC_LITERAL_CONVERSION = YES;
				CLANG_WARN_OBJC_ROOT_CLASS = YES_ERROR;
				CLANG_WARN_RANGE_LOOP_ANALYSIS = YES;
				CLANG_WARN_STRICT_PROTOTYPES = YES;
				CLANG_WARN_SUSPICIOUS_MOVE = YES;
				CLANG_WARN_UNGUARDED_AVAILABILITY = YES_AGGRESSIVE;
				CLANG_WARN_UNREACHABLE_CODE = YES;
				CLANG_WARN__DUPLICATE_METHOD_MATCH = YES;
				CODE_SIGN_IDENTITY = "iPhone Developer";
				COPY_PHASE_STRIP = NO;
				DEBUG_INFORMATION_FORMAT = "dwarf-with-dsym";
				ENABLE_NS_ASSERTIONS = NO;
				ENABLE_STRICT_OBJC_MSGSEND = YES;
				GCC_C_LANGUAGE_STANDARD = gnu11;
				GCC_NO_COMMON_BLOCKS = YES;
				GCC_WARN_64_TO_32_BIT_CONVERSION = YES;
				GCC_WARN_ABOUT_RETURN_TYPE = YES_ERROR;
				GCC_WARN_UNDECLARED_SELECTOR = YES;
				GCC_WARN_UNINITIALIZED_AUTOS = YES_AGGRESSIVE;
				GCC_WARN_UNUSED_FUNCTION = YES;
				GCC_WARN_UNUSED_VARIABLE = YES;
				IPHONEOS_DEPLOYMENT_TARGET = 11.2;
				MTL_ENABLE_DEBUG_INFO = NO;
				SDKROOT = iphoneos;
				VALIDATE_PRODUCT = YES;
			};
			name = Release;
		};
		9F224A96213D02DF00256813 /* Debug */ = {
			isa = XCBuildConfiguration;
			buildSettings = {
				ASSETCATALOG_COMPILER_APPICON_NAME = AppIcon;
				CODE_SIGN_STYLE = Automatic;
				DEVELOPMENT_TEAM = 47A3N54MRY;
				INFOPLIST_FILE = Demo1/Info.plist;
				LD_RUNPATH_SEARCH_PATHS = "$(inherited) @executable_path/Frameworks";
				PRODUCT_BUNDLE_IDENTIFIER = com.Peyton.Demo1;
				PRODUCT_NAME = "$(TARGET_NAME)";
				TARGETED_DEVICE_FAMILY = "1,2";
			};
			name = Debug;
		};
		9F224A97213D02DF00256813 /* Release */ = {
			isa = XCBuildConfiguration;
			buildSettings = {
				ASSETCATALOG_COMPILER_APPICON_NAME = AppIcon;
				CODE_SIGN_STYLE = Automatic;
				DEVELOPMENT_TEAM = 47A3N54MRY;
				INFOPLIST_FILE = Demo1/Info.plist;
				LD_RUNPATH_SEARCH_PATHS = "$(inherited) @executable_path/Frameworks";
				PRODUCT_BUNDLE_IDENTIFIER = com.Peyton.Demo1;
				PRODUCT_NAME = "$(TARGET_NAME)";
				TARGETED_DEVICE_FAMILY = "1,2";
			};
			name = Release;
		};
/* End XCBuildConfiguration section */

/* Begin XCConfigurationList section */
		9F224A7A213D02DF00256813 /* Build configuration list for PBXProject "Demo1" */ = {
			isa = XCConfigurationList;
			buildConfigurations = (
				9F224A93213D02DF00256813 /* Debug */,
				9F224A94213D02DF00256813 /* Release */,
			);
			defaultConfigurationIsVisible = 0;
			defaultConfigurationName = Release;
		};
		9F224A95213D02DF00256813 /* Build configuration list for PBXNativeTarget "Demo1" */ = {
			isa = XCConfigurationList;
			buildConfigurations = (
				9F224A96213D02DF00256813 /* Debug */,
				9F224A97213D02DF00256813 /* Release */,
			);
			defaultConfigurationIsVisible = 0;
			defaultConfigurationName = Release;
		};
/* End XCConfigurationList section */
	};
	rootObject = 9F224A77213D02DF00256813 /* Project object */;
}
